
Microsoft Visual Studio Solution File, Format Version 12.00
Project("{FAE04EC0-301F-11D3-BF4B-00C04F79EFBC}") = "TestUtility", "TestUtility\TestUtility.csproj", "{A6DD3272-941F-4DA9-905E-1D11BD55900D}"
EndProject
Global
	GlobalSection(SolutionConfigurationPlatforms) = preSolution
		Debug|Any CPU = Debug|Any CPU
		Release|Any CPU = Release|Any CPU
	EndGlobalSection
	GlobalSection(ProjectConfigurationPlatforms) = postSolution
		{A6DD3272-941F-4DA9-905E-1D11BD55900D}.Debug|Any CPU.ActiveCfg = Debug|Any CPU
		{A6DD3272-941F-4DA9-905E-1D11BD55900D}.Debug|Any CPU.Build.0 = Debug|Any CPU
		{A6DD3272-941F-4DA9-905E-1D11BD55900D}.Release|Any CPU.ActiveCfg = Release|Any CPU
		{A6DD3272-941F-4DA9-905E-1D11BD55900D}.Release|Any CPU.Build.0 = Release|Any CPU
	EndGlobalSection
EndGlobal
